
Microsoft Visual Studio Solution File, Format Version 12.00
# Visual Studio Version 17
VisualStudioVersion = 17.3.32804.467
MinimumVisualStudioVersion = 10.0.40219.1
Project("{9A19103F-16F7-4668-BE54-9A1E7A4F7556}") = "Project.BLL", "Project.BLL\Project.BLL.csproj", "{2A1400D3-772C-416D-BE72-528DEBFD991A}"
EndProject
Project("{9A19103F-16F7-4668-BE54-9A1E7A4F7556}") = "Project.DAL", "Project.DAL\Project.DAL.csproj", "{6333A0D6-5C4E-46A0-9A1A-795B626725FC}"
EndProject
Project("{9A19103F-16F7-4668-BE54-9A1E7A4F7556}") = "Project.Entity", "Project.Entity\Project.Entity.csproj", "{B5AF00B5-9120-40B4-B04D-C307694E9F58}"
EndProject
Project("{9A19103F-16F7-4668-BE54-9A1E7A4F7556}") = "Project.WEB", "Project.WEB\Project.WEB.csproj", "{B8F59E6A-25A8-4564-A99C-481F49FABD3B}"
EndProject
Project("{2150E333-8FDC-42A3-9474-1A3956D46DE8}") = "Notes", "Notes", "{C43302ED-88DA-4B2E-8FBD-572677609678}"
	ProjectSection(SolutionItems) = preProject
		ImportantNotes.txt = ImportantNotes.txt
	EndProjectSection
EndProject
Project("{9A19103F-16F7-4668-BE54-9A1E7A4F7556}") = "Project.Common", "Project.Common\Project.Common.csproj", "{3921A75C-D035-4EE6-A8CD-27ED18E95C09}"
EndProject
Project("{FAE04EC0-301F-11D3-BF4B-00C04F79EFBC}") = "Project.API", "Project.API\Project.API.csproj", "{97992CDF-7AB7-43EC-A71E-9F7BC3314B6F}"
EndProject
Global
	GlobalSection(SolutionConfigurationPlatforms) = preSolution
		Debug|Any CPU = Debug|Any CPU
		Release|Any CPU = Release|Any CPU
	EndGlobalSection
	GlobalSection(ProjectConfigurationPlatforms) = postSolution
		{2A1400D3-772C-416D-BE72-528DEBFD991A}.Debug|Any CPU.ActiveCfg = Debug|Any CPU
		{2A1400D3-772C-416D-BE72-528DEBFD991A}.Debug|Any CPU.Build.0 = Debug|Any CPU
		{2A1400D3-772C-416D-BE72-528DEBFD991A}.Release|Any CPU.ActiveCfg = Release|Any CPU
		{2A1400D3-772C-416D-BE72-528DEBFD991A}.Release|Any CPU.Build.0 = Release|Any CPU
		{6333A0D6-5C4E-46A0-9A1A-795B626725FC}.Debug|Any CPU.ActiveCfg = Debug|Any CPU
		{6333A0D6-5C4E-46A0-9A1A-795B626725FC}.Debug|Any CPU.Build.0 = Debug|Any CPU
		{6333A0D6-5C4E-46A0-9A1A-795B626725FC}.Release|Any CPU.ActiveCfg = Release|Any CPU
		{6333A0D6-5C4E-46A0-9A1A-795B626725FC}.Release|Any CPU.Build.0 = Release|Any CPU
		{B5AF00B5-9120-40B4-B04D-C307694E9F58}.Debug|Any CPU.ActiveCfg = Debug|Any CPU
		{B5AF00B5-9120-40B4-B04D-C307694E9F58}.Debug|Any CPU.Build.0 = Debug|Any CPU
		{B5AF00B5-9120-40B4-B04D-C307694E9F58}.Release|Any CPU.ActiveCfg = Release|Any CPU
		{B5AF00B5-9120-40B4-B04D-C307694E9F58}.Release|Any CPU.Build.0 = Release|Any CPU
		{B8F59E6A-25A8-4564-A99C-481F49FABD3B}.Debug|Any CPU.ActiveCfg = Debug|Any CPU
		{B8F59E6A-25A8-4564-A99C-481F49FABD3B}.Debug|Any CPU.Build.0 = Debug|Any CPU
		{B8F59E6A-25A8-4564-A99C-481F49FABD3B}.Release|Any CPU.ActiveCfg = Release|Any CPU
		{B8F59E6A-25A8-4564-A99C-481F49FABD3B}.Release|Any CPU.Build.0 = Release|Any CPU
		{3921A75C-D035-4EE6-A8CD-27ED18E95C09}.Debug|Any CPU.ActiveCfg = Debug|Any CPU
		{3921A75C-D035-4EE6-A8CD-27ED18E95C09}.Debug|Any CPU.Build.0 = Debug|Any CPU
		{3921A75C-D035-4EE6-A8CD-27ED18E95C09}.Release|Any CPU.ActiveCfg = Release|Any CPU
		{3921A75C-D035-4EE6-A8CD-27ED18E95C09}.Release|Any CPU.Build.0 = Release|Any CPU
		{97992CDF-7AB7-43EC-A71E-9F7BC3314B6F}.Debug|Any CPU.ActiveCfg = Debug|Any CPU
		{97992CDF-7AB7-43EC-A71E-9F7BC3314B6F}.Debug|Any CPU.Build.0 = Debug|Any CPU
		{97992CDF-7AB7-43EC-A71E-9F7BC3314B6F}.Release|Any CPU.ActiveCfg = Release|Any CPU
		{97992CDF-7AB7-43EC-A71E-9F7BC3314B6F}.Release|Any CPU.Build.0 = Release|Any CPU
	EndGlobalSection
	GlobalSection(SolutionProperties) = preSolution
		HideSolutionNode = FALSE
	EndGlobalSection
	GlobalSection(ExtensibilityGlobals) = postSolution
		SolutionGuid = {6EB1B420-DDA9-4B6F-BEED-4CE505DBCD7B}
	EndGlobalSection
EndGlobal
